
Microsoft Visual Studio Solution File, Format Version 12.00
# Visual Studio 15
VisualStudioVersion = 15.0.26730.16
MinimumVisualStudioVersion = 10.0.40219.1
Project("{FAE04EC0-301F-11D3-BF4B-00C04F79EFBC}") = "MyBlog", "MyBlog\MyBlog.csproj", "{42E94003-14B7-43FD-8321-4F313A11BEC8}"
EndProject
Project("{FAE04EC0-301F-11D3-BF4B-00C04F79EFBC}") = "MyBlog.DataAccess", "MyBlog.DataAccess\MyBlog.DataAccess.csproj", "{2DA8F5B9-D439-4204-A70E-1670595509E7}"
EndProject
Global
	GlobalSection(SolutionConfigurationPlatforms) = preSolution
		Debug|Any CPU = Debug|Any CPU
		Release|Any CPU = Release|Any CPU
	EndGlobalSection
	GlobalSection(ProjectConfigurationPlatforms) = postSolution
		{42E94003-14B7-43FD-8321-4F313A11BEC8}.Debug|Any CPU.ActiveCfg = Debug|Any CPU
		{42E94003-14B7-43FD-8321-4F313A11BEC8}.Debug|Any CPU.Build.0 = Debug|Any CPU
		{42E94003-14B7-43FD-8321-4F313A11BEC8}.Release|Any CPU.ActiveCfg = Release|Any CPU
		{42E94003-14B7-43FD-8321-4F313A11BEC8}.Release|Any CPU.Build.0 = Release|Any CPU
		{2DA8F5B9-D439-4204-A70E-1670595509E7}.Debug|Any CPU.ActiveCfg = Debug|Any CPU
		{2DA8F5B9-D439-4204-A70E-1670595509E7}.Debug|Any CPU.Build.0 = Debug|Any CPU
		{2DA8F5B9-D439-4204-A70E-1670595509E7}.Release|Any CPU.ActiveCfg = Release|Any CPU
		{2DA8F5B9-D439-4204-A70E-1670595509E7}.Release|Any CPU.Build.0 = Release|Any CPU
	EndGlobalSection
	GlobalSection(SolutionProperties) = preSolution
		HideSolutionNode = FALSE
	EndGlobalSection
	GlobalSection(ExtensibilityGlobals) = postSolution
		SolutionGuid = {7791E7B4-85D5-4EC4-9E2B-95654B759D9B}
	EndGlobalSection
EndGlobal
